
Microsoft Visual Studio Solution File, Format Version 12.00
# Visual Studio Version 17
VisualStudioVersion = 17.6.33723.286
MinimumVisualStudioVersion = 10.0.40219.1
Project("{FAE04EC0-301F-11D3-BF4B-00C04F79EFBC}") = "baslangic ve bitis", "baslangic ve bitis\baslangic ve bitis.csproj", "{EE07A58C-31B2-4B9F-BFFF-CA5876CDEFAF}"
EndProject
Global
	GlobalSection(SolutionConfigurationPlatforms) = preSolution
		Debug|Any CPU = Debug|Any CPU
		Release|Any CPU = Release|Any CPU
	EndGlobalSection
	GlobalSection(ProjectConfigurationPlatforms) = postSolution
		{EE07A58C-31B2-4B9F-BFFF-CA5876CDEFAF}.Debug|Any CPU.ActiveCfg = Debug|Any CPU
		{EE07A58C-31B2-4B9F-BFFF-CA5876CDEFAF}.Debug|Any CPU.Build.0 = Debug|Any CPU
		{EE07A58C-31B2-4B9F-BFFF-CA5876CDEFAF}.Release|Any CPU.ActiveCfg = Release|Any CPU
		{EE07A58C-31B2-4B9F-BFFF-CA5876CDEFAF}.Release|Any CPU.Build.0 = Release|Any CPU
	EndGlobalSection
	GlobalSection(SolutionProperties) = preSolution
		HideSolutionNode = FALSE
	EndGlobalSection
	GlobalSection(ExtensibilityGlobals) = postSolution
		SolutionGuid = {B6DA83FC-557F-4A60-B42A-C08907FEE8FB}
	EndGlobalSection
EndGlobal
